
Microsoft Visual Studio Solution File, Format Version 12.00
# Visual Studio Version 17
VisualStudioVersion = 17.0.31903.59
MinimumVisualStudioVersion = 10.0.40219.1
Project("{FAE04EC0-301F-11D3-BF4B-00C04F79EFBC}") = "Api", "Api\Api.csproj", "{509A008F-A3C4-4EB1-A671-42F46927DDB8}"
EndProject
Project("{FAE04EC0-301F-11D3-BF4B-00C04F79EFBC}") = "Aplicacion", "Aplicacion\Aplicacion.csproj", "{E87B5225-1703-4EF0-AB87-27BBEB029997}"
EndProject
Global
	GlobalSection(SolutionConfigurationPlatforms) = preSolution
		Debug|Any CPU = Debug|Any CPU
		Release|Any CPU = Release|Any CPU
	EndGlobalSection
	GlobalSection(SolutionProperties) = preSolution
		HideSolutionNode = FALSE
	EndGlobalSection
	GlobalSection(ProjectConfigurationPlatforms) = postSolution
		{509A008F-A3C4-4EB1-A671-42F46927DDB8}.Debug|Any CPU.ActiveCfg = Debug|Any CPU
		{509A008F-A3C4-4EB1-A671-42F46927DDB8}.Debug|Any CPU.Build.0 = Debug|Any CPU
		{509A008F-A3C4-4EB1-A671-42F46927DDB8}.Release|Any CPU.ActiveCfg = Release|Any CPU
		{509A008F-A3C4-4EB1-A671-42F46927DDB8}.Release|Any CPU.Build.0 = Release|Any CPU
		{E87B5225-1703-4EF0-AB87-27BBEB029997}.Debug|Any CPU.ActiveCfg = Debug|Any CPU
		{E87B5225-1703-4EF0-AB87-27BBEB029997}.Debug|Any CPU.Build.0 = Debug|Any CPU
		{E87B5225-1703-4EF0-AB87-27BBEB029997}.Release|Any CPU.ActiveCfg = Release|Any CPU
		{E87B5225-1703-4EF0-AB87-27BBEB029997}.Release|Any CPU.Build.0 = Release|Any CPU
	EndGlobalSection
EndGlobal
